
Microsoft Visual Studio Solution File, Format Version 12.00
# Visual Studio Version 16
VisualStudioVersion = 16.0.29306.81
MinimumVisualStudioVersion = 10.0.40219.1
Project("{FAE04EC0-301F-11D3-BF4B-00C04F79EFBC}") = "DocumentApi", "DocumentApi\DocumentApi.csproj", "{B429F5D9-53C1-40F7-9061-9C9CDE878AC3}"
EndProject
Global
	GlobalSection(SolutionConfigurationPlatforms) = preSolution
		Debug|Any CPU = Debug|Any CPU
		Release|Any CPU = Release|Any CPU
	EndGlobalSection
	GlobalSection(ProjectConfigurationPlatforms) = postSolution
		{B429F5D9-53C1-40F7-9061-9C9CDE878AC3}.Debug|Any CPU.ActiveCfg = Debug|Any CPU
		{B429F5D9-53C1-40F7-9061-9C9CDE878AC3}.Debug|Any CPU.Build.0 = Debug|Any CPU
		{B429F5D9-53C1-40F7-9061-9C9CDE878AC3}.Release|Any CPU.ActiveCfg = Release|Any CPU
		{B429F5D9-53C1-40F7-9061-9C9CDE878AC3}.Release|Any CPU.Build.0 = Release|Any CPU
	EndGlobalSection
	GlobalSection(SolutionProperties) = preSolution
		HideSolutionNode = FALSE
	EndGlobalSection
	GlobalSection(ExtensibilityGlobals) = postSolution
		SolutionGuid = {2748ECAF-85EE-4469-A78F-5B81004E5CBD}
	EndGlobalSection
EndGlobal
